
Microsoft Visual Studio Solution File, Format Version 12.00
# Visual Studio Version 17
VisualStudioVersion = 17.7.34009.444
MinimumVisualStudioVersion = 10.0.40219.1
Project("{FAE04EC0-301F-11D3-BF4B-00C04F79EFBC}") = "Net6UnitTest", "Net6UnitTest\Net6UnitTest.csproj", "{A746997D-A30B-487A-9AEC-00EAAF223AE5}"
EndProject
Global
	GlobalSection(SolutionConfigurationPlatforms) = preSolution
		Debug|Any CPU = Debug|Any CPU
		Release|Any CPU = Release|Any CPU
	EndGlobalSection
	GlobalSection(ProjectConfigurationPlatforms) = postSolution
		{A746997D-A30B-487A-9AEC-00EAAF223AE5}.Debug|Any CPU.ActiveCfg = Debug|Any CPU
		{A746997D-A30B-487A-9AEC-00EAAF223AE5}.Debug|Any CPU.Build.0 = Debug|Any CPU
		{A746997D-A30B-487A-9AEC-00EAAF223AE5}.Release|Any CPU.ActiveCfg = Release|Any CPU
		{A746997D-A30B-487A-9AEC-00EAAF223AE5}.Release|Any CPU.Build.0 = Release|Any CPU
	EndGlobalSection
	GlobalSection(SolutionProperties) = preSolution
		HideSolutionNode = FALSE
	EndGlobalSection
	GlobalSection(ExtensibilityGlobals) = postSolution
		SolutionGuid = {60819A83-3B69-49BE-87E7-722C36803486}
	EndGlobalSection
EndGlobal
